{
  "lockfileVersion": 1,
  "workspaces": {
    "": {
      "name": "domino-ai",
      "dependencies": {
        "@types/emscripten": "^1.40.1",
      },
    },
  },
  "packages": {
    "@types/emscripten": ["@types/emscripten@1.41.5", "", {}, "sha512-cMQm7pxu6BxtHyqJ7mQZ2kXWV5SLmugybFdHCBbJ5eHzOo6VhBckEgAT3//rP5FwPHNPeEiq4SmQ5ucBwsOo4Q=="],
  }
}
